// !$*UTF8*$!
{
	archiveVersion = 1;
	classes = {
	};
	objectVersion = 46;
	objects = {

/* Begin PBXBuildFile section */
		931DEB6E1B5608A70047F88E /* 1.jpg in Resources */ = {isa = PBXBuildFile; fileRef = 931DEB5A1B5608A70047F88E /* 1.jpg */; };
		931DEB6F1B5608A70047F88E /* 2.jpg in Resources */ = {isa = PBXBuildFile; fileRef = 931DEB5B1B5608A70047F88E /* 2.jpg */; };
		931DEB701B5608A70047F88E /* 3.jpg in Resources */ = {isa = PBXBuildFile; fileRef = 931DEB5C1B5608A70047F88E /* 3.jpg */; };
		931DEB711B5608A70047F88E /* 4.jpg in Resources */ = {isa = PBXBuildFile; fileRef = 931DEB5D1B5608A70047F88E /* 4.jpg */; };
		931DEB721B5608A70047F88E /* 5.jpg in Resources */ = {isa = PBXBuildFile; fileRef = 931DEB5E1B5608A70047F88E /* 5.jpg */; };
		931DEB731B5608A70047F88E /* 6.jpg in Resources */ = {isa = PBXBuildFile; fileRef = 931DEB5F1B5608A70047F88E /* 6.jpg */; };
		931DEB741B5608A70047F88E /* 7.jpg in Resources */ = {isa = PBXBuildFile; fileRef = 931DEB601B5608A70047F88E /* 7.jpg */; };
		931DEB751B5608A70047F88E /* 8.jpg in Resources */ = {isa = PBXBuildFile; fileRef = 931DEB611B5608A70047F88E /* 8.jpg */; };
		931DEB761B5608A70047F88E /* 9.jpg in Resources */ = {isa = PBXBuildFile; fileRef = 931DEB621B5608A70047F88E /* 9.jpg */; };
		931DEB771B5608A70047F88E /* 10.jpg in Resources */ = {isa = PBXBuildFile; fileRef = 931DEB631B5608A70047F88E /* 10.jpg */; };
		931DEB781B5608A70047F88E /* 11.jpg in Resources */ = {isa = PBXBuildFile; fileRef = 931DEB641B5608A70047F88E /* 11.jpg */; };
		931DEB791B5608A70047F88E /* 12.jpg in Resources */ = {isa = PBXBuildFile; fileRef = 931DEB651B5608A70047F88E /* 12.jpg */; };
		931DEB7A1B5608A70047F88E /* 13.jpg in Resources */ = {isa = PBXBuildFile; fileRef = 931DEB661B5608A70047F88E /* 13.jpg */; };
		931DEB7B1B5608A70047F88E /* 14.jpg in Resources */ = {isa = PBXBuildFile; fileRef = 931DEB671B5608A70047F88E /* 14.jpg */; };
		931DEB7C1B5608A70047F88E /* 15.jpg in Resources */ = {isa = PBXBuildFile; fileRef = 931DEB681B5608A70047F88E /* 15.jpg */; };
		931DEB7D1B5608A70047F88E /* 16.jpg in Resources */ = {isa = PBXBuildFile; fileRef = 931DEB691B5608A70047F88E /* 16.jpg */; };
		931DEB7E1B5608A70047F88E /* 17.jpg in Resources */ = {isa = PBXBuildFile; fileRef = 931DEB6A1B5608A70047F88E /* 17.jpg */; };
		931DEB7F1B5608A70047F88E /* 18.jpg in Resources */ = {isa = PBXBuildFile; fileRef = 931DEB6B1B5608A70047F88E /* 18.jpg */; };
		931DEB801B5608A70047F88E /* 19.jpg in Resources */ = {isa = PBXBuildFile; fileRef = 931DEB6C1B5608A70047F88E /* 19.jpg */; };
		931DEB811B5608A70047F88E /* 20.jpg in Resources */ = {isa = PBXBuildFile; fileRef = 931DEB6D1B5608A70047F88E /* 20.jpg */; };
		9331D8261B552022004D99FC /* main.m in Sources */ = {isa = PBXBuildFile; fileRef = 9331D8251B552022004D99FC /* main.m */; };
		9331D8291B552022004D99FC /* AppDelegate.m in Sources */ = {isa = PBXBuildFile; fileRef = 9331D8281B552022004D99FC /* AppDelegate.m */; };
		9331D82C1B552022004D99FC /* FirstViewController.m in Sources */ = {isa = PBXBuildFile; fileRef = 9331D82B1B552022004D99FC /* FirstViewController.m */; };
		9331D82F1B552022004D99FC /* SecondViewController.m in Sources */ = {isa = PBXBuildFile; fileRef = 9331D82E1B552022004D99FC /* SecondViewController.m */; };
		9331D8321B552022004D99FC /* Main.storyboard in Resources */ = {isa = PBXBuildFile; fileRef = 9331D8301B552022004D99FC /* Main.storyboard */; };
		9331D8341B552022004D99FC /* Images.xcassets in Resources */ = {isa = PBXBuildFile; fileRef = 9331D8331B552022004D99FC /* Images.xcassets */; };
		9331D8371B552022004D99FC /* LaunchScreen.xib in Resources */ = {isa = PBXBuildFile; fileRef = 9331D8351B552022004D99FC /* LaunchScreen.xib */; };
		9331D8431B552023004D99FC /* tabbedAppTests.m in Sources */ = {isa = PBXBuildFile; fileRef = 9331D8421B552023004D99FC /* tabbedAppTests.m */; };
/* End PBXBuildFile section */

/* Begin PBXContainerItemProxy section */
		9331D83D1B552023004D99FC /* PBXContainerItemProxy */ = {
			isa = PBXContainerItemProxy;
			containerPortal = 9331D8181B552022004D99FC /* Project object */;
			proxyType = 1;
			remoteGlobalIDString = 9331D81F1B552022004D99FC;
			remoteInfo = tabbedApp;
		};
/* End PBXContainerItemProxy section */

/* Begin PBXFileReference section */
		931DEB5A1B5608A70047F88E /* 1.jpg */ = {isa = PBXFileReference; lastKnownFileType = image.jpeg; name = 1.jpg; path = "../../untitled folder 2/1.jpg"; sourceTree = "<group>"; };
		931DEB5B1B5608A70047F88E /* 2.jpg */ = {isa = PBXFileReference; lastKnownFileType = image.jpeg; name = 2.jpg; path = "../../untitled folder 2/2.jpg"; sourceTree = "<group>"; };
		931DEB5C1B5608A70047F88E /* 3.jpg */ = {isa = PBXFileReference; lastKnownFileType = image.jpeg; name = 3.jpg; path = "../../untitled folder 2/3.jpg"; sourceTree = "<group>"; };
		931DEB5D1B5608A70047F88E /* 4.jpg */ = {isa = PBXFileReference; lastKnownFileType = image.jpeg; name = 4.jpg; path = "../../untitled folder 2/4.jpg"; sourceTree = "<group>"; };
		931DEB5E1B5608A70047F88E /* 5.jpg */ = {isa = PBXFileReference; lastKnownFileType = image.jpeg; name = 5.jpg; path = "../../untitled folder 2/5.jpg"; sourceTree = "<group>"; };
		931DEB5F1B5608A70047F88E /* 6.jpg */ = {isa = PBXFileReference; lastKnownFileType = image.jpeg; name = 6.jpg; path = "../../untitled folder 2/6.jpg"; sourceTree = "<group>"; };
		931DEB601B5608A70047F88E /* 7.jpg */ = {isa = PBXFileReference; lastKnownFileType = image.jpeg; name = 7.jpg; path = "../../untitled folder 2/7.jpg"; sourceTree = "<group>"; };
		931DEB611B5608A70047F88E /* 8.jpg */ = {isa = PBXFileReference; lastKnownFileType = image.jpeg; name = 8.jpg; path = "../../untitled folder 2/8.jpg"; sourceTree = "<group>"; };
		931DEB621B5608A70047F88E /* 9.jpg */ = {isa = PBXFileReference; lastKnownFileType = image.jpeg; name = 9.jpg; path = "../../untitled folder 2/9.jpg"; sourceTree = "<group>"; };
		931DEB631B5608A70047F88E /* 10.jpg */ = {isa = PBXFileReference; lastKnownFileType = image.jpeg; name = 10.jpg; path = "../../untitled folder 2/10.jpg"; sourceTree = "<group>"; };
		931DEB641B5608A70047F88E /* 11.jpg */ = {isa = PBXFileReference; lastKnownFileType = image.jpeg; name = 11.jpg; path = "../../untitled folder 2/11.jpg"; sourceTree = "<group>"; };
		931DEB651B5608A70047F88E /* 12.jpg */ = {isa = PBXFileReference; lastKnownFileType = image.jpeg; name = 12.jpg; path = "../../untitled folder 2/12.jpg"; sourceTree = "<group>"; };
		931DEB661B5608A70047F88E /* 13.jpg */ = {isa = PBXFileReference; lastKnownFileType = image.jpeg; name = 13.jpg; path = "../../untitled folder 2/13.jpg"; sourceTree = "<group>"; };
		931DEB671B5608A70047F88E /* 14.jpg */ = {isa = PBXFileReference; lastKnownFileType = image.jpeg; name = 14.jpg; path = "../../untitled folder 2/14.jpg"; sourceTree = "<group>"; };
		931DEB681B5608A70047F88E /* 15.jpg */ = {isa = PBXFileReference; lastKnownFileType = image.jpeg; name = 15.jpg; path = "../../untitled folder 2/15.jpg"; sourceTree = "<group>"; };
		931DEB691B5608A70047F88E /* 16.jpg */ = {isa = PBXFileReference; lastKnownFileType = image.jpeg; name = 16.jpg; path = "../../untitled folder 2/16.jpg"; sourceTree = "<group>"; };
		931DEB6A1B5608A70047F88E /* 17.jpg */ = {isa = PBXFileReference; lastKnownFileType = image.jpeg; name = 17.jpg; path = "../../untitled folder 2/17.jpg"; sourceTree = "<group>"; };
		931DEB6B1B5608A70047F88E /* 18.jpg */ = {isa = PBXFileReference; lastKnownFileType = image.jpeg; name = 18.jpg; path = "../../untitled folder 2/18.jpg"; sourceTree = "<group>"; };
		931DEB6C1B5608A70047F88E /* 19.jpg */ = {isa = PBXFileReference; lastKnownFileType = image.jpeg; name = 19.jpg; path = "../../untitled folder 2/19.jpg"; sourceTree = "<group>"; };
		931DEB6D1B5608A70047F88E /* 20.jpg */ = {isa = PBXFileReference; lastKnownFileType = image.jpeg; name = 20.jpg; path = "../../untitled folder 2/20.jpg"; sourceTree = "<group>"; };
		9331D8201B552022004D99FC /* tabbedApp.app */ = {isa = PBXFileReference; explicitFileType = wrapper.application; includeInIndex = 0; path = tabbedApp.app; sourceTree = BUILT_PRODUCTS_DIR; };
		9331D8241B552022004D99FC /* Info.plist */ = {isa = PBXFileReference; lastKnownFileType = text.plist.xml; path = Info.plist; sourceTree = "<group>"; };
		9331D8251B552022004D99FC /* main.m */ = {isa = PBXFileReference; lastKnownFileType = sourcecode.c.objc; path = main.m; sourceTree = "<group>"; };
		9331D8271B552022004D99FC /* AppDelegate.h */ = {isa = PBXFileReference; lastKnownFileType = sourcecode.c.h; path = AppDelegate.h; sourceTree = "<group>"; };
		9331D8281B552022004D99FC /* AppDelegate.m */ = {isa = PBXFileReference; lastKnownFileType = sourcecode.c.objc; path = AppDelegate.m; sourceTree = "<group>"; };
		9331D82A1B552022004D99FC /* FirstViewController.h */ = {isa = PBXFileReference; lastKnownFileType = sourcecode.c.h; path = FirstViewController.h; sourceTree = "<group>"; };
		9331D82B1B552022004D99FC /* FirstViewController.m */ = {isa = PBXFileReference; lastKnownFileType = sourcecode.c.objc; path = FirstViewController.m; sourceTree = "<group>"; };
		9331D82D1B552022004D99FC /* SecondViewController.h */ = {isa = PBXFileReference; lastKnownFileType = sourcecode.c.h; path = SecondViewController.h; sourceTree = "<group>"; };
		9331D82E1B552022004D99FC /* SecondViewController.m */ = {isa = PBXFileReference; lastKnownFileType = sourcecode.c.objc; path = SecondViewController.m; sourceTree = "<group>"; };
		9331D8311B552022004D99FC /* Base */ = {isa = PBXFileReference; lastKnownFileType = file.storyboard; name = Base; path = Base.lproj/Main.storyboard; sourceTree = "<group>"; };
		9331D8331B552022004D99FC /* Images.xcassets */ = {isa = PBXFileReference; lastKnownFileType = folder.assetcatalog; path = Images.xcassets; sourceTree = "<group>"; };
		9331D8361B552022004D99FC /* Base */ = {isa = PBXFileReference; lastKnownFileType = file.xib; name = Base; path = Base.lproj/LaunchScreen.xib; sourceTree = "<group>"; };
		9331D83C1B552023004D99FC /* tabbedAppTests.xctest */ = {isa = PBXFileReference; explicitFileType = wrapper.cfbundle; includeInIndex = 0; path = tabbedAppTests.xctest; sourceTree = BUILT_PRODUCTS_DIR; };
		9331D8411B552023004D99FC /* Info.plist */ = {isa = PBXFileReference; lastKnownFileType = text.plist.xml; path = Info.plist; sourceTree = "<group>"; };
		9331D8421B552023004D99FC /* tabbedAppTests.m */ = {isa = PBXFileReference; lastKnownFileType = sourcecode.c.objc; path = tabbedAppTests.m; sourceTree = "<group>"; };
/* End PBXFileReference section */

/* Begin PBXFrameworksBuildPhase section */
		9331D81D1B552022004D99FC /* Frameworks */ = {
			isa = PBXFrameworksBuildPhase;
			buildActionMask = 2147483647;
			files = (
			);
			runOnlyForDeploymentPostprocessing = 0;
		};
		9331D8391B552023004D99FC /* Frameworks */ = {
			isa = PBXFrameworksBuildPhase;
			buildActionMask = 2147483647;
			files = (
			);
			runOnlyForDeploymentPostprocessing = 0;
		};
/* End PBXFrameworksBuildPhase section */

/* Begin PBXGroup section */
		9331D8171B552022004D99FC = {
			isa = PBXGroup;
			children = (
				9331D8221B552022004D99FC /* tabbedApp */,
				9331D83F1B552023004D99FC /* tabbedAppTests */,
				9331D8211B552022004D99FC /* Products */,
			);
			sourceTree = "<group>";
		};
		9331D8211B552022004D99FC /* Products */ = {
			isa = PBXGroup;
			children = (
				9331D8201B552022004D99FC /* tabbedApp.app */,
				9331D83C1B552023004D99FC /* tabbedAppTests.xctest */,
			);
			name = Products;
			sourceTree = "<group>";
		};
		9331D8221B552022004D99FC /* tabbedApp */ = {
			isa = PBXGroup;
			children = (
				931DEB5A1B5608A70047F88E /* 1.jpg */,
				931DEB5B1B5608A70047F88E /* 2.jpg */,
				931DEB5C1B5608A70047F88E /* 3.jpg */,
				931DEB5D1B5608A70047F88E /* 4.jpg */,
				931DEB5E1B5608A70047F88E /* 5.jpg */,
				931DEB5F1B5608A70047F88E /* 6.jpg */,
				931DEB601B5608A70047F88E /* 7.jpg */,
				931DEB611B5608A70047F88E /* 8.jpg */,
				931DEB621B5608A70047F88E /* 9.jpg */,
				931DEB631B5608A70047F88E /* 10.jpg */,
				931DEB641B5608A70047F88E /* 11.jpg */,
				931DEB651B5608A70047F88E /* 12.jpg */,
				931DEB661B5608A70047F88E /* 13.jpg */,
				931DEB671B5608A70047F88E /* 14.jpg */,
				931DEB681B5608A70047F88E /* 15.jpg */,
				931DEB691B5608A70047F88E /* 16.jpg */,
				931DEB6A1B5608A70047F88E /* 17.jpg */,
				931DEB6B1B5608A70047F88E /* 18.jpg */,
				931DEB6C1B5608A70047F88E /* 19.jpg */,
				931DEB6D1B5608A70047F88E /* 20.jpg */,
				9331D8271B552022004D99FC /* AppDelegate.h */,
				9331D8281B552022004D99FC /* AppDelegate.m */,
				9331D82A1B552022004D99FC /* FirstViewController.h */,
				9331D82B1B552022004D99FC /* FirstViewController.m */,
				9331D82D1B552022004D99FC /* SecondViewController.h */,
				9331D82E1B552022004D99FC /* SecondViewController.m */,
				9331D8301B552022004D99FC /* Main.storyboard */,
				9331D8331B552022004D99FC /* Images.xcassets */,
				9331D8351B552022004D99FC /* LaunchScreen.xib */,
				9331D8231B552022004D99FC /* Supporting Files */,
			);
			path = tabbedApp;
			sourceTree = "<group>";
		};
		9331D8231B552022004D99FC /* Supporting Files */ = {
			isa = PBXGroup;
			children = (
				9331D8241B552022004D99FC /* Info.plist */,
				9331D8251B552022004D99FC /* main.m */,
			);
			name = "Supporting Files";
			sourceTree = "<group>";
		};
		9331D83F1B552023004D99FC /* tabbedAppTests */ = {
			isa = PBXGroup;
			children = (
				9331D8421B552023004D99FC /* tabbedAppTests.m */,
				9331D8401B552023004D99FC /* Supporting Files */,
			);
			path = tabbedAppTests;
			sourceTree = "<group>";
		};
		9331D8401B552023004D99FC /* Supporting Files */ = {
			isa = PBXGroup;
			children = (
				9331D8411B552023004D99FC /* Info.plist */,
			);
			name = "Supporting Files";
			sourceTree = "<group>";
		};
/* End PBXGroup section */

/* Begin PBXNativeTarget section */
		9331D81F1B552022004D99FC /* tabbedApp */ = {
			isa = PBXNativeTarget;
			buildConfigurationList = 9331D8461B552023004D99FC /* Build configuration list for PBXNativeTarget "tabbedApp" */;
			buildPhases = (
				9331D81C1B552022004D99FC /* Sources */,
				9331D81D1B552022004D99FC /* Frameworks */,
				9331D81E1B552022004D99FC /* Resources */,
			);
			buildRules = (
			);
			dependencies = (
			);
			name = tabbedApp;
			productName = tabbedApp;
			productReference = 9331D8201B552022004D99FC /* tabbedApp.app */;
			productType = "com.apple.product-type.application";
		};
		9331D83B1B552023004D99FC /* tabbedAppTests */ = {
			isa = PBXNativeTarget;
			buildConfigurationList = 9331D8491B552023004D99FC /* Build configuration list for PBXNativeTarget "tabbedAppTests" */;
			buildPhases = (
				9331D8381B552023004D99FC /* Sources */,
				9331D8391B552023004D99FC /* Frameworks */,
				9331D83A1B552023004D99FC /* Resources */,
			);
			buildRules = (
			);
			dependencies = (
				9331D83E1B552023004D99FC /* PBXTargetDependency */,
			);
			name = tabbedAppTests;
			productName = tabbedAppTests;
			productReference = 9331D83C1B552023004D99FC /* tabbedAppTests.xctest */;
			productType = "com.apple.product-type.bundle.unit-test";
		};
/* End PBXNativeTarget section */

/* Begin PBXProject section */
		9331D8181B552022004D99FC /* Project object */ = {
			isa = PBXProject;
			attributes = {
				LastUpgradeCheck = 0610;
				ORGANIZATIONNAME = optimusmac4;
				TargetAttributes = {
					9331D81F1B552022004D99FC = {
						CreatedOnToolsVersion = 6.1.1;
					};
					9331D83B1B552023004D99FC = {
						CreatedOnToolsVersion = 6.1.1;
						TestTargetID = 9331D81F1B552022004D99FC;
					};
				};
			};
			buildConfigurationList = 9331D81B1B552022004D99FC /* Build configuration list for PBXProject "tabbedApp" */;
			compatibilityVersion = "Xcode 3.2";
			developmentRegion = English;
			hasScannedForEncodings = 0;
			knownRegions = (
				en,
				Base,
			);
			mainGroup = 9331D8171B552022004D99FC;
			productRefGroup = 9331D8211B552022004D99FC /* Products */;
			projectDirPath = "";
			projectRoot = "";
			targets = (
				9331D81F1B552022004D99FC /* tabbedApp */,
				9331D83B1B552023004D99FC /* tabbedAppTests */,
			);
		};
/* End PBXProject section */

/* Begin PBXResourcesBuildPhase section */
		9331D81E1B552022004D99FC /* Resources */ = {
			isa = PBXResourcesBuildPhase;
			buildActionMask = 2147483647;
			files = (
				931DEB771B5608A70047F88E /* 10.jpg in Resources */,
				931DEB751B5608A70047F88E /* 8.jpg in Resources */,
				931DEB811B5608A70047F88E /* 20.jpg in Resources */,
				931DEB731B5608A70047F88E /* 6.jpg in Resources */,
				9331D8321B552022004D99FC /* Main.storyboard in Resources */,
				931DEB721B5608A70047F88E /* 5.jpg in Resources */,
				931DEB7F1B5608A70047F88E /* 18.jpg in Resources */,
				931DEB7E1B5608A70047F88E /* 17.jpg in Resources */,
				931DEB791B5608A70047F88E /* 12.jpg in Resources */,
				931DEB781B5608A70047F88E /* 11.jpg in Resources */,
				931DEB801B5608A70047F88E /* 19.jpg in Resources */,
				931DEB711B5608A70047F88E /* 4.jpg in Resources */,
				931DEB7B1B5608A70047F88E /* 14.jpg in Resources */,
				931DEB6E1B5608A70047F88E /* 1.jpg in Resources */,
				931DEB7A1B5608A70047F88E /* 13.jpg in Resources */,
				931DEB6F1B5608A70047F88E /* 2.jpg in Resources */,
				931DEB701B5608A70047F88E /* 3.jpg in Resources */,
				931DEB741B5608A70047F88E /* 7.jpg in Resources */,
				931DEB761B5608A70047F88E /* 9.jpg in Resources */,
				9331D8371B552022004D99FC /* LaunchScreen.xib in Resources */,
				931DEB7D1B5608A70047F88E /* 16.jpg in Resources */,
				9331D8341B552022004D99FC /* Images.xcassets in Resources */,
				931DEB7C1B5608A70047F88E /* 15.jpg in Resources */,
			);
			runOnlyForDeploymentPostprocessing = 0;
		};
		9331D83A1B552023004D99FC /* Resources */ = {
			isa = PBXResourcesBuildPhase;
			buildActionMask = 2147483647;
			files = (
			);
			runOnlyForDeploymentPostprocessing = 0;
		};
/* End PBXResourcesBuildPhase section */

/* Begin PBXSourcesBuildPhase section */
		9331D81C1B552022004D99FC /* Sources */ = {
			isa = PBXSourcesBuildPhase;
			buildActionMask = 2147483647;
			files = (
				9331D82F1B552022004D99FC /* SecondViewController.m in Sources */,
				9331D8291B552022004D99FC /* AppDelegate.m in Sources */,
				9331D82C1B552022004D99FC /* FirstViewController.m in Sources */,
				9331D8261B552022004D99FC /* main.m in Sources */,
			);
			runOnlyForDeploymentPostprocessing = 0;
		};
		9331D8381B552023004D99FC /* Sources */ = {
			isa = PBXSourcesBuildPhase;
			buildActionMask = 2147483647;
			files = (
				9331D8431B552023004D99FC /* tabbedAppTests.m in Sources */,
			);
			runOnlyForDeploymentPostprocessing = 0;
		};
/* End PBXSourcesBuildPhase section */

/* Begin PBXTargetDependency section */
		9331D83E1B552023004D99FC /* PBXTargetDependency */ = {
			isa = PBXTargetDependency;
			target = 9331D81F1B552022004D99FC /* tabbedApp */;
			targetProxy = 9331D83D1B552023004D99FC /* PBXContainerItemProxy */;
		};
/* End PBXTargetDependency section */

/* Begin PBXVariantGroup section */
		9331D8301B552022004D99FC /* Main.storyboard */ = {
			isa = PBXVariantGroup;
			children = (
				9331D8311B552022004D99FC /* Base */,
			);
			name = Main.storyboard;
			sourceTree = "<group>";
		};
		9331D8351B552022004D99FC /* LaunchScreen.xib */ = {
			isa = PBXVariantGroup;
			children = (
				9331D8361B552022004D99FC /* Base */,
			);
			name = LaunchScreen.xib;
			sourceTree = "<group>";
		};
/* End PBXVariantGroup section */

/* Begin XCBuildConfiguration section */
		9331D8441B552023004D99FC /* Debug */ = {
			isa = XCBuildConfiguration;
			buildSettings = {
				ALWAYS_SEARCH_USER_PATHS = NO;
				CLANG_CXX_LANGUAGE_STANDARD = "gnu++0x";
				CLANG_CXX_LIBRARY = "libc++";
				CLANG_ENABLE_MODULES = YES;
				CLANG_ENABLE_OBJC_ARC = YES;
				CLANG_WARN_BOOL_CONVERSION = YES;
				CLANG_WARN_CONSTANT_CONVERSION = YES;
				CLANG_WARN_DIRECT_OBJC_ISA_USAGE = YES_ERROR;
				CLANG_WARN_EMPTY_BODY = YES;
				CLANG_WARN_ENUM_CONVERSION = YES;
				CLANG_WARN_INT_CONVERSION = YES;
				CLANG_WARN_OBJC_ROOT_CLASS = YES_ERROR;
				CLANG_WARN_UNREACHABLE_CODE = YES;
				CLANG_WARN__DUPLICATE_METHOD_MATCH = YES;
				"CODE_SIGN_IDENTITY[sdk=iphoneos*]" = "iPhone Developer";
				COPY_PHASE_STRIP = NO;
				ENABLE_STRICT_OBJC_MSGSEND = YES;
				GCC_C_LANGUAGE_STANDARD = gnu99;
				GCC_DYNAMIC_NO_PIC = NO;
				GCC_OPTIMIZATION_LEVEL = 0;
				GCC_PREPROCESSOR_DEFINITIONS = (
					"DEBUG=1",
					"$(inherited)",
				);
				GCC_SYMBOLS_PRIVATE_EXTERN = NO;
				GCC_WARN_64_TO_32_BIT_CONVERSION = YES;
				GCC_WARN_ABOUT_RETURN_TYPE = YES_ERROR;
				GCC_WARN_UNDECLARED_SELECTOR = YES;
				GCC_WARN_UNINITIALIZED_AUTOS = YES_AGGRESSIVE;
				GCC_WARN_UNUSED_FUNCTION = YES;
				GCC_WARN_UNUSED_VARIABLE = YES;
				IPHONEOS_DEPLOYMENT_TARGET = 8.1;
				MTL_ENABLE_DEBUG_INFO = YES;
				ONLY_ACTIVE_ARCH = YES;
				SDKROOT = iphoneos;
				TARGETED_DEVICE_FAMILY = "1,2";
			};
			name = Debug;
		};
		9331D8451B552023004D99FC /* Release */ = {
			isa = XCBuildConfiguration;
			buildSettings = {
				ALWAYS_SEARCH_USER_PATHS = NO;
				CLANG_CXX_LANGUAGE_STANDARD = "gnu++0x";
				CLANG_CXX_LIBRARY = "libc++";
				CLANG_ENABLE_MODULES = YES;
				CLANG_ENABLE_OBJC_ARC = YES;
				CLANG_WARN_BOOL_CONVERSION = YES;
				CLANG_WARN_CONSTANT_CONVERSION = YES;
				CLANG_WARN_DIRECT_OBJC_ISA_USAGE = YES_ERROR;
				CLANG_WARN_EMPTY_BODY = YES;
				CLANG_WARN_ENUM_CONVERSION = YES;
				CLANG_WARN_INT_CONVERSION = YES;
				CLANG_WARN_OBJC_ROOT_CLASS = YES_ERROR;
				CLANG_WARN_UNREACHABLE_CODE = YES;
				CLANG_WARN__DUPLICATE_METHOD_MATCH = YES;
				"CODE_SIGN_IDENTITY[sdk=iphoneos*]" = "iPhone Developer";
				COPY_PHASE_STRIP = YES;
				ENABLE_NS_ASSERTIONS = NO;
				ENABLE_STRICT_OBJC_MSGSEND = YES;
				GCC_C_LANGUAGE_STANDARD = gnu99;
				GCC_WARN_64_TO_32_BIT_CONVERSION = YES;
				GCC_WARN_ABOUT_RETURN_TYPE = YES_ERROR;
				GCC_WARN_UNDECLARED_SELECTOR = YES;
				GCC_WARN_UNINITIALIZED_AUTOS = YES_AGGRESSIVE;
				GCC_WARN_UNUSED_FUNCTION = YES;
				GCC_WARN_UNUSED_VARIABLE = YES;
				IPHONEOS_DEPLOYMENT_TARGET = 8.1;
				MTL_ENABLE_DEBUG_INFO = NO;
				SDKROOT = iphoneos;
				TARGETED_DEVICE_FAMILY = "1,2";
				VALIDATE_PRODUCT = YES;
			};
			name = Release;
		};
		9331D8471B552023004D99FC /* Debug */ = {
			isa = XCBuildConfiguration;
			buildSettings = {
				ASSETCATALOG_COMPILER_APPICON_NAME = AppIcon;
				INFOPLIST_FILE = tabbedApp/Info.plist;
				LD_RUNPATH_SEARCH_PATHS = "$(inherited) @executable_path/Frameworks";
				PRODUCT_NAME = "$(TARGET_NAME)";
			};
			name = Debug;
		};
		9331D8481B552023004D99FC /* Release */ = {
			isa = XCBuildConfiguration;
			buildSettings = {
				ASSETCATALOG_COMPILER_APPICON_NAME = AppIcon;
				INFOPLIST_FILE = tabbedApp/Info.plist;
				LD_RUNPATH_SEARCH_PATHS = "$(inherited) @executable_path/Frameworks";
				PRODUCT_NAME = "$(TARGET_NAME)";
			};
			name = Release;
		};
		9331D84A1B552023004D99FC /* Debug */ = {
			isa = XCBuildConfiguration;
			buildSettings = {
				BUNDLE_LOADER = "$(TEST_HOST)";
				FRAMEWORK_SEARCH_PATHS = (
					"$(SDKROOT)/Developer/Library/Frameworks",
					"$(inherited)",
				);
				GCC_PREPROCESSOR_DEFINITIONS = (
					"DEBUG=1",
					"$(inherited)",
				);
				INFOPLIST_FILE = tabbedAppTests/Info.plist;
				LD_RUNPATH_SEARCH_PATHS = "$(inherited) @executable_path/Frameworks @loader_path/Frameworks";
				PRODUCT_NAME = "$(TARGET_NAME)";
				TEST_HOST = "$(BUILT_PRODUCTS_DIR)/tabbedApp.app/tabbedApp";
			};
			name = Debug;
		};
		9331D84B1B552023004D99FC /* Release */ = {
			isa = XCBuildConfiguration;
			buildSettings = {
				BUNDLE_LOADER = "$(TEST_HOST)";
				FRAMEWORK_SEARCH_PATHS = (
					"$(SDKROOT)/Developer/Library/Frameworks",
					"$(inherited)",
				);
				INFOPLIST_FILE = tabbedAppTests/Info.plist;
				LD_RUNPATH_SEARCH_PATHS = "$(inherited) @executable_path/Frameworks @loader_path/Frameworks";
				PRODUCT_NAME = "$(TARGET_NAME)";
				TEST_HOST = "$(BUILT_PRODUCTS_DIR)/tabbedApp.app/tabbedApp";
			};
			name = Release;
		};
/* End XCBuildConfiguration section */

/* Begin XCConfigurationList section */
		9331D81B1B552022004D99FC /* Build configuration list for PBXProject "tabbedApp" */ = {
			isa = XCConfigurationList;
			buildConfigurations = (
				9331D8441B552023004D99FC /* Debug */,
				9331D8451B552023004D99FC /* Release */,
			);
			defaultConfigurationIsVisible = 0;
			defaultConfigurationName = Release;
		};
		9331D8461B552023004D99FC /* Build configuration list for PBXNativeTarget "tabbedApp" */ = {
			isa = XCConfigurationList;
			buildConfigurations = (
				9331D8471B552023004D99FC /* Debug */,
				9331D8481B552023004D99FC /* Release */,
			);
			defaultConfigurationIsVisible = 0;
			defaultConfigurationName = Release;
		};
		9331D8491B552023004D99FC /* Build configuration list for PBXNativeTarget "tabbedAppTests" */ = {
			isa = XCConfigurationList;
			buildConfigurations = (
				9331D84A1B552023004D99FC /* Debug */,
				9331D84B1B552023004D99FC /* Release */,
			);
			defaultConfigurationIsVisible = 0;
			defaultConfigurationName = Release;
		};
/* End XCConfigurationList section */
	};
	rootObject = 9331D8181B552022004D99FC /* Project object */;
}
